// !$*UTF8*$!
{
	archiveVersion = 1;
	classes = {
	};
	objectVersion = 77;
	objects = {

/* Begin PBXBuildFile section */
		CB2697062CD91A03007E40F7 /* ContentView.swift in Sources */ = {isa = PBXBuildFile; fileRef = CB2697032CD91A03007E40F7 /* ContentView.swift */; };
		CB2697072CD91A03007E40F7 /* Fetch_Recipe_ViewerApp.swift in Sources */ = {isa = PBXBuildFile; fileRef = CB2697042CD91A03007E40F7 /* Fetch_Recipe_ViewerApp.swift */; };
		CB2697082CD91A03007E40F7 /* Preview Assets.xcassets in Resources */ = {isa = PBXBuildFile; fileRef = CB2697002CD91A03007E40F7 /* Preview Assets.xcassets */; };
		CB2697092CD91A03007E40F7 /* Assets.xcassets in Resources */ = {isa = PBXBuildFile; fileRef = CB2697022CD91A03007E40F7 /* Assets.xcassets */; };
		CB26970C2CD91C95007E40F7 /* Constants.swift in Sources */ = {isa = PBXBuildFile; fileRef = CB26970B2CD91C95007E40F7 /* Constants.swift */; };
		CB26970E2CD91D70007E40F7 /* Image+Extension.swift in Sources */ = {isa = PBXBuildFile; fileRef = CB26970D2CD91D70007E40F7 /* Image+Extension.swift */; };
		CB2697102CD91DB4007E40F7 /* ImageCache.swift in Sources */ = {isa = PBXBuildFile; fileRef = CB26970F2CD91DB4007E40F7 /* ImageCache.swift */; };
		CB2697122CD9210E007E40F7 /* NetworkManager.swift in Sources */ = {isa = PBXBuildFile; fileRef = CB2697112CD9210E007E40F7 /* NetworkManager.swift */; };
		CB2697162CD9229A007E40F7 /* RecipeListModel.swift in Sources */ = {isa = PBXBuildFile; fileRef = CB2697152CD9229A007E40F7 /* RecipeListModel.swift */; };
		CB2697182CD92351007E40F7 /* RecipeListService.swift in Sources */ = {isa = PBXBuildFile; fileRef = CB2697172CD92351007E40F7 /* RecipeListService.swift */; };
		CB26971A2CD92545007E40F7 /* RecipeListViewModel.swift in Sources */ = {isa = PBXBuildFile; fileRef = CB2697192CD92545007E40F7 /* RecipeListViewModel.swift */; };
		CB26971C2CD927BA007E40F7 /* RecipeListView.swift in Sources */ = {isa = PBXBuildFile; fileRef = CB26971B2CD927BA007E40F7 /* RecipeListView.swift */; };
		CB26971E2CD92895007E40F7 /* RecipeCard.swift in Sources */ = {isa = PBXBuildFile; fileRef = CB26971D2CD92895007E40F7 /* RecipeCard.swift */; };
/* End PBXBuildFile section */

/* Begin PBXContainerItemProxy section */
		CB2696E42CD919D1007E40F7 /* PBXContainerItemProxy */ = {
			isa = PBXContainerItemProxy;
			containerPortal = CB2696CB2CD919D0007E40F7 /* Project object */;
			proxyType = 1;
			remoteGlobalIDString = CB2696D22CD919D0007E40F7;
			remoteInfo = "Fetch-Recipe-Viewer";
		};
		CB2696EE2CD919D1007E40F7 /* PBXContainerItemProxy */ = {
			isa = PBXContainerItemProxy;
			containerPortal = CB2696CB2CD919D0007E40F7 /* Project object */;
			proxyType = 1;
			remoteGlobalIDString = CB2696D22CD919D0007E40F7;
			remoteInfo = "Fetch-Recipe-Viewer";
		};
/* End PBXContainerItemProxy section */

/* Begin PBXFileReference section */
		CB2696D32CD919D0007E40F7 /* Fetch-Recipe-Viewer.app */ = {isa = PBXFileReference; explicitFileType = wrapper.application; includeInIndex = 0; path = "Fetch-Recipe-Viewer.app"; sourceTree = BUILT_PRODUCTS_DIR; };
		CB2696E32CD919D1007E40F7 /* Fetch-Recipe-ViewerTests.xctest */ = {isa = PBXFileReference; explicitFileType = wrapper.cfbundle; includeInIndex = 0; path = "Fetch-Recipe-ViewerTests.xctest"; sourceTree = BUILT_PRODUCTS_DIR; };
		CB2696ED2CD919D1007E40F7 /* Fetch-Recipe-ViewerUITests.xctest */ = {isa = PBXFileReference; explicitFileType = wrapper.cfbundle; includeInIndex = 0; path = "Fetch-Recipe-ViewerUITests.xctest"; sourceTree = BUILT_PRODUCTS_DIR; };
		CB2697002CD91A03007E40F7 /* Preview Assets.xcassets */ = {isa = PBXFileReference; lastKnownFileType = folder.assetcatalog; path = "Preview Assets.xcassets"; sourceTree = "<group>"; };
		CB2697022CD91A03007E40F7 /* Assets.xcassets */ = {isa = PBXFileReference; lastKnownFileType = folder.assetcatalog; path = Assets.xcassets; sourceTree = "<group>"; };
		CB2697032CD91A03007E40F7 /* ContentView.swift */ = {isa = PBXFileReference; lastKnownFileType = sourcecode.swift; path = ContentView.swift; sourceTree = "<group>"; };
		CB2697042CD91A03007E40F7 /* Fetch_Recipe_ViewerApp.swift */ = {isa = PBXFileReference; lastKnownFileType = sourcecode.swift; path = Fetch_Recipe_ViewerApp.swift; sourceTree = "<group>"; };
		CB26970B2CD91C95007E40F7 /* Constants.swift */ = {isa = PBXFileReference; lastKnownFileType = sourcecode.swift; path = Constants.swift; sourceTree = "<group>"; };
		CB26970D2CD91D70007E40F7 /* Image+Extension.swift */ = {isa = PBXFileReference; lastKnownFileType = sourcecode.swift; path = "Image+Extension.swift"; sourceTree = "<group>"; };
		CB26970F2CD91DB4007E40F7 /* ImageCache.swift */ = {isa = PBXFileReference; lastKnownFileType = sourcecode.swift; path = ImageCache.swift; sourceTree = "<group>"; };
		CB2697112CD9210E007E40F7 /* NetworkManager.swift */ = {isa = PBXFileReference; lastKnownFileType = sourcecode.swift; path = NetworkManager.swift; sourceTree = "<group>"; };
		CB2697152CD9229A007E40F7 /* RecipeListModel.swift */ = {isa = PBXFileReference; lastKnownFileType = sourcecode.swift; path = RecipeListModel.swift; sourceTree = "<group>"; };
		CB2697172CD92351007E40F7 /* RecipeListService.swift */ = {isa = PBXFileReference; lastKnownFileType = sourcecode.swift; path = RecipeListService.swift; sourceTree = "<group>"; };
		CB2697192CD92545007E40F7 /* RecipeListViewModel.swift */ = {isa = PBXFileReference; lastKnownFileType = sourcecode.swift; path = RecipeListViewModel.swift; sourceTree = "<group>"; };
		CB26971B2CD927BA007E40F7 /* RecipeListView.swift */ = {isa = PBXFileReference; lastKnownFileType = sourcecode.swift; path = RecipeListView.swift; sourceTree = "<group>"; };
		CB26971D2CD92895007E40F7 /* RecipeCard.swift */ = {isa = PBXFileReference; lastKnownFileType = sourcecode.swift; path = RecipeCard.swift; sourceTree = "<group>"; };
/* End PBXFileReference section */

/* Begin PBXFileSystemSynchronizedRootGroup section */
		CB2696E62CD919D1007E40F7 /* Fetch-Recipe-ViewerTests */ = {
			isa = PBXFileSystemSynchronizedRootGroup;
			path = "Fetch-Recipe-ViewerTests";
			sourceTree = "<group>";
		};
		CB2696F02CD919D1007E40F7 /* Fetch-Recipe-ViewerUITests */ = {
			isa = PBXFileSystemSynchronizedRootGroup;
			path = "Fetch-Recipe-ViewerUITests";
			sourceTree = "<group>";
		};
/* End PBXFileSystemSynchronizedRootGroup section */

/* Begin PBXFrameworksBuildPhase section */
		CB2696D02CD919D0007E40F7 /* Frameworks */ = {
			isa = PBXFrameworksBuildPhase;
			buildActionMask = 2147483647;
			files = (
			);
			runOnlyForDeploymentPostprocessing = 0;
		};
		CB2696E02CD919D1007E40F7 /* Frameworks */ = {
			isa = PBXFrameworksBuildPhase;
			buildActionMask = 2147483647;
			files = (
			);
			runOnlyForDeploymentPostprocessing = 0;
		};
		CB2696EA2CD919D1007E40F7 /* Frameworks */ = {
			isa = PBXFrameworksBuildPhase;
			buildActionMask = 2147483647;
			files = (
			);
			runOnlyForDeploymentPostprocessing = 0;
		};
/* End PBXFrameworksBuildPhase section */

/* Begin PBXGroup section */
		CB2696CA2CD919D0007E40F7 = {
			isa = PBXGroup;
			children = (
				CB2697052CD91A03007E40F7 /* Fetch-Recipe-Viewer */,
				CB2696E62CD919D1007E40F7 /* Fetch-Recipe-ViewerTests */,
				CB2696F02CD919D1007E40F7 /* Fetch-Recipe-ViewerUITests */,
				CB2696D42CD919D0007E40F7 /* Products */,
			);
			sourceTree = "<group>";
		};
		CB2696D42CD919D0007E40F7 /* Products */ = {
			isa = PBXGroup;
			children = (
				CB2696D32CD919D0007E40F7 /* Fetch-Recipe-Viewer.app */,
				CB2696E32CD919D1007E40F7 /* Fetch-Recipe-ViewerTests.xctest */,
				CB2696ED2CD919D1007E40F7 /* Fetch-Recipe-ViewerUITests.xctest */,
			);
			name = Products;
			sourceTree = "<group>";
		};
		CB2697012CD91A03007E40F7 /* Preview Content */ = {
			isa = PBXGroup;
			children = (
				CB2697002CD91A03007E40F7 /* Preview Assets.xcassets */,
			);
			path = "Preview Content";
			sourceTree = "<group>";
		};
		CB2697052CD91A03007E40F7 /* Fetch-Recipe-Viewer */ = {
			isa = PBXGroup;
			children = (
				CB2697042CD91A03007E40F7 /* Fetch_Recipe_ViewerApp.swift */,
				CB2697032CD91A03007E40F7 /* ContentView.swift */,
				CB2697142CD9226D007E40F7 /* RecipeListView */,
				CB2697132CD92251007E40F7 /* RecipeListService */,
				CB26970A2CD91C6D007E40F7 /* Utilities */,
				CB2697012CD91A03007E40F7 /* Preview Content */,
				CB2697022CD91A03007E40F7 /* Assets.xcassets */,
			);
			path = "Fetch-Recipe-Viewer";
			sourceTree = "<group>";
		};
		CB26970A2CD91C6D007E40F7 /* Utilities */ = {
			isa = PBXGroup;
			children = (
				CB26970B2CD91C95007E40F7 /* Constants.swift */,
				CB26970D2CD91D70007E40F7 /* Image+Extension.swift */,
				CB26970F2CD91DB4007E40F7 /* ImageCache.swift */,
				CB2697112CD9210E007E40F7 /* NetworkManager.swift */,
			);
			path = Utilities;
			sourceTree = "<group>";
		};
		CB2697132CD92251007E40F7 /* RecipeListService */ = {
			isa = PBXGroup;
			children = (
				CB2697152CD9229A007E40F7 /* RecipeListModel.swift */,
				CB2697172CD92351007E40F7 /* RecipeListService.swift */,
			);
			path = RecipeListService;
			sourceTree = "<group>";
		};
		CB2697142CD9226D007E40F7 /* RecipeListView */ = {
			isa = PBXGroup;
			children = (
				CB2697192CD92545007E40F7 /* RecipeListViewModel.swift */,
				CB26971D2CD92895007E40F7 /* RecipeCard.swift */,
				CB26971B2CD927BA007E40F7 /* RecipeListView.swift */,
			);
			path = RecipeListView;
			sourceTree = "<group>";
		};
/* End PBXGroup section */

/* Begin PBXNativeTarget section */
		CB2696D22CD919D0007E40F7 /* Fetch-Recipe-Viewer */ = {
			isa = PBXNativeTarget;
			buildConfigurationList = CB2696F72CD919D1007E40F7 /* Build configuration list for PBXNativeTarget "Fetch-Recipe-Viewer" */;
			buildPhases = (
				CB2696CF2CD919D0007E40F7 /* Sources */,
				CB2696D02CD919D0007E40F7 /* Frameworks */,
				CB2696D12CD919D0007E40F7 /* Resources */,
			);
			buildRules = (
			);
			dependencies = (
			);
			name = "Fetch-Recipe-Viewer";
			packageProductDependencies = (
			);
			productName = "Fetch-Recipe-Viewer";
			productReference = CB2696D32CD919D0007E40F7 /* Fetch-Recipe-Viewer.app */;
			productType = "com.apple.product-type.application";
		};
		CB2696E22CD919D1007E40F7 /* Fetch-Recipe-ViewerTests */ = {
			isa = PBXNativeTarget;
			buildConfigurationList = CB2696FA2CD919D1007E40F7 /* Build configuration list for PBXNativeTarget "Fetch-Recipe-ViewerTests" */;
			buildPhases = (
				CB2696DF2CD919D1007E40F7 /* Sources */,
				CB2696E02CD919D1007E40F7 /* Frameworks */,
				CB2696E12CD919D1007E40F7 /* Resources */,
			);
			buildRules = (
			);
			dependencies = (
				CB2696E52CD919D1007E40F7 /* PBXTargetDependency */,
			);
			fileSystemSynchronizedGroups = (
				CB2696E62CD919D1007E40F7 /* Fetch-Recipe-ViewerTests */,
			);
			name = "Fetch-Recipe-ViewerTests";
			packageProductDependencies = (
			);
			productName = "Fetch-Recipe-ViewerTests";
			productReference = CB2696E32CD919D1007E40F7 /* Fetch-Recipe-ViewerTests.xctest */;
			productType = "com.apple.product-type.bundle.unit-test";
		};
		CB2696EC2CD919D1007E40F7 /* Fetch-Recipe-ViewerUITests */ = {
			isa = PBXNativeTarget;
			buildConfigurationList = CB2696FD2CD919D1007E40F7 /* Build configuration list for PBXNativeTarget "Fetch-Recipe-ViewerUITests" */;
			buildPhases = (
				CB2696E92CD919D1007E40F7 /* Sources */,
				CB2696EA2CD919D1007E40F7 /* Frameworks */,
				CB2696EB2CD919D1007E40F7 /* Resources */,
			);
			buildRules = (
			);
			dependencies = (
				CB2696EF2CD919D1007E40F7 /* PBXTargetDependency */,
			);
			fileSystemSynchronizedGroups = (
				CB2696F02CD919D1007E40F7 /* Fetch-Recipe-ViewerUITests */,
			);
			name = "Fetch-Recipe-ViewerUITests";
			packageProductDependencies = (
			);
			productName = "Fetch-Recipe-ViewerUITests";
			productReference = CB2696ED2CD919D1007E40F7 /* Fetch-Recipe-ViewerUITests.xctest */;
			productType = "com.apple.product-type.bundle.ui-testing";
		};
/* End PBXNativeTarget section */

/* Begin PBXProject section */
		CB2696CB2CD919D0007E40F7 /* Project object */ = {
			isa = PBXProject;
			attributes = {
				BuildIndependentTargetsInParallel = 1;
				LastSwiftUpdateCheck = 1610;
				LastUpgradeCheck = 1610;
				TargetAttributes = {
					CB2696D22CD919D0007E40F7 = {
						CreatedOnToolsVersion = 16.1;
					};
					CB2696E22CD919D1007E40F7 = {
						CreatedOnToolsVersion = 16.1;
						TestTargetID = CB2696D22CD919D0007E40F7;
					};
					CB2696EC2CD919D1007E40F7 = {
						CreatedOnToolsVersion = 16.1;
						TestTargetID = CB2696D22CD919D0007E40F7;
					};
				};
			};
			buildConfigurationList = CB2696CE2CD919D0007E40F7 /* Build configuration list for PBXProject "Fetch-Recipe-Viewer" */;
			developmentRegion = en;
			hasScannedForEncodings = 0;
			knownRegions = (
				en,
				Base,
			);
			mainGroup = CB2696CA2CD919D0007E40F7;
			minimizedProjectReferenceProxies = 1;
			preferredProjectObjectVersion = 77;
			productRefGroup = CB2696D42CD919D0007E40F7 /* Products */;
			projectDirPath = "";
			projectRoot = "";
			targets = (
				CB2696D22CD919D0007E40F7 /* Fetch-Recipe-Viewer */,
				CB2696E22CD919D1007E40F7 /* Fetch-Recipe-ViewerTests */,
				CB2696EC2CD919D1007E40F7 /* Fetch-Recipe-ViewerUITests */,
			);
		};
/* End PBXProject section */

/* Begin PBXResourcesBuildPhase section */
		CB2696D12CD919D0007E40F7 /* Resources */ = {
			isa = PBXResourcesBuildPhase;
			buildActionMask = 2147483647;
			files = (
				CB2697082CD91A03007E40F7 /* Preview Assets.xcassets in Resources */,
				CB2697092CD91A03007E40F7 /* Assets.xcassets in Resources */,
			);
			runOnlyForDeploymentPostprocessing = 0;
		};
		CB2696E12CD919D1007E40F7 /* Resources */ = {
			isa = PBXResourcesBuildPhase;
			buildActionMask = 2147483647;
			files = (
			);
			runOnlyForDeploymentPostprocessing = 0;
		};
		CB2696EB2CD919D1007E40F7 /* Resources */ = {
			isa = PBXResourcesBuildPhase;
			buildActionMask = 2147483647;
			files = (
			);
			runOnlyForDeploymentPostprocessing = 0;
		};
/* End PBXResourcesBuildPhase section */

/* Begin PBXSourcesBuildPhase section */
		CB2696CF2CD919D0007E40F7 /* Sources */ = {
			isa = PBXSourcesBuildPhase;
			buildActionMask = 2147483647;
			files = (
				CB2697162CD9229A007E40F7 /* RecipeListModel.swift in Sources */,
				CB2697122CD9210E007E40F7 /* NetworkManager.swift in Sources */,
				CB26971C2CD927BA007E40F7 /* RecipeListView.swift in Sources */,
				CB2697102CD91DB4007E40F7 /* ImageCache.swift in Sources */,
				CB2697062CD91A03007E40F7 /* ContentView.swift in Sources */,
				CB2697072CD91A03007E40F7 /* Fetch_Recipe_ViewerApp.swift in Sources */,
				CB26970C2CD91C95007E40F7 /* Constants.swift in Sources */,
				CB26970E2CD91D70007E40F7 /* Image+Extension.swift in Sources */,
				CB2697182CD92351007E40F7 /* RecipeListService.swift in Sources */,
				CB26971E2CD92895007E40F7 /* RecipeCard.swift in Sources */,
				CB26971A2CD92545007E40F7 /* RecipeListViewModel.swift in Sources */,
			);
			runOnlyForDeploymentPostprocessing = 0;
		};
		CB2696DF2CD919D1007E40F7 /* Sources */ = {
			isa = PBXSourcesBuildPhase;
			buildActionMask = 2147483647;
			files = (
			);
			runOnlyForDeploymentPostprocessing = 0;
		};
		CB2696E92CD919D1007E40F7 /* Sources */ = {
			isa = PBXSourcesBuildPhase;
			buildActionMask = 2147483647;
			files = (
			);
			runOnlyForDeploymentPostprocessing = 0;
		};
/* End PBXSourcesBuildPhase section */

/* Begin PBXTargetDependency section */
		CB2696E52CD919D1007E40F7 /* PBXTargetDependency */ = {
			isa = PBXTargetDependency;
			target = CB2696D22CD919D0007E40F7 /* Fetch-Recipe-Viewer */;
			targetProxy = CB2696E42CD919D1007E40F7 /* PBXContainerItemProxy */;
		};
		CB2696EF2CD919D1007E40F7 /* PBXTargetDependency */ = {
			isa = PBXTargetDependency;
			target = CB2696D22CD919D0007E40F7 /* Fetch-Recipe-Viewer */;
			targetProxy = CB2696EE2CD919D1007E40F7 /* PBXContainerItemProxy */;
		};
/* End PBXTargetDependency section */

/* Begin XCBuildConfiguration section */
		CB2696F52CD919D1007E40F7 /* Debug */ = {
			isa = XCBuildConfiguration;
			buildSettings = {
				ALWAYS_SEARCH_USER_PATHS = NO;
				ASSETCATALOG_COMPILER_GENERATE_SWIFT_ASSET_SYMBOL_EXTENSIONS = YES;
				CLANG_ANALYZER_NONNULL = YES;
				CLANG_ANALYZER_NUMBER_OBJECT_CONVERSION = YES_AGGRESSIVE;
				CLANG_CXX_LANGUAGE_STANDARD = "gnu++20";
				CLANG_ENABLE_MODULES = YES;
				CLANG_ENABLE_OBJC_ARC = YES;
				CLANG_ENABLE_OBJC_WEAK = YES;
				CLANG_WARN_BLOCK_CAPTURE_AUTORELEASING = YES;
				CLANG_WARN_BOOL_CONVERSION = YES;
				CLANG_WARN_COMMA = YES;
				CLANG_WARN_CONSTANT_CONVERSION = YES;
				CLANG_WARN_DEPRECATED_OBJC_IMPLEMENTATIONS = YES;
				CLANG_WARN_DIRECT_OBJC_ISA_USAGE = YES_ERROR;
				CLANG_WARN_DOCUMENTATION_COMMENTS = YES;
				CLANG_WARN_EMPTY_BODY = YES;
				CLANG_WARN_ENUM_CONVERSION = YES;
				CLANG_WARN_INFINITE_RECURSION = YES;
				CLANG_WARN_INT_CONVERSION = YES;
				CLANG_WARN_NON_LITERAL_NULL_CONVERSION = YES;
				CLANG_WARN_OBJC_IMPLICIT_RETAIN_SELF = YES;
				CLANG_WARN_OBJC_LITERAL_CONVERSION = YES;
				CLANG_WARN_OBJC_ROOT_CLASS = YES_ERROR;
				CLANG_WARN_QUOTED_INCLUDE_IN_FRAMEWORK_HEADER = YES;
				CLANG_WARN_RANGE_LOOP_ANALYSIS = YES;
				CLANG_WARN_STRICT_PROTOTYPES = YES;
				CLANG_WARN_SUSPICIOUS_MOVE = YES;
				CLANG_WARN_UNGUARDED_AVAILABILITY = YES_AGGRESSIVE;
				CLANG_WARN_UNREACHABLE_CODE = YES;
				CLANG_WARN__DUPLICATE_METHOD_MATCH = YES;
				COPY_PHASE_STRIP = NO;
				DEBUG_INFORMATION_FORMAT = dwarf;
				ENABLE_STRICT_OBJC_MSGSEND = YES;
				ENABLE_TESTABILITY = YES;
				ENABLE_USER_SCRIPT_SANDBOXING = YES;
				GCC_C_LANGUAGE_STANDARD = gnu17;
				GCC_DYNAMIC_NO_PIC = NO;
				GCC_NO_COMMON_BLOCKS = YES;
				GCC_OPTIMIZATION_LEVEL = 0;
				GCC_PREPROCESSOR_DEFINITIONS = (
					"DEBUG=1",
					"$(inherited)",
				);
				GCC_WARN_64_TO_32_BIT_CONVERSION = YES;
				GCC_WARN_ABOUT_RETURN_TYPE = YES_ERROR;
				GCC_WARN_UNDECLARED_SELECTOR = YES;
				GCC_WARN_UNINITIALIZED_AUTOS = YES_AGGRESSIVE;
				GCC_WARN_UNUSED_FUNCTION = YES;
				GCC_WARN_UNUSED_VARIABLE = YES;
				IPHONEOS_DEPLOYMENT_TARGET = 18.1;
				LOCALIZATION_PREFERS_STRING_CATALOGS = YES;
				MTL_ENABLE_DEBUG_INFO = INCLUDE_SOURCE;
				MTL_FAST_MATH = YES;
				ONLY_ACTIVE_ARCH = YES;
				SDKROOT = iphoneos;
				SWIFT_ACTIVE_COMPILATION_CONDITIONS = "DEBUG $(inherited)";
				SWIFT_OPTIMIZATION_LEVEL = "-Onone";
			};
			name = Debug;
		};
		CB2696F62CD919D1007E40F7 /* Release */ = {
			isa = XCBuildConfiguration;
			buildSettings = {
				ALWAYS_SEARCH_USER_PATHS = NO;
				ASSETCATALOG_COMPILER_GENERATE_SWIFT_ASSET_SYMBOL_EXTENSIONS = YES;
				CLANG_ANALYZER_NONNULL = YES;
				CLANG_ANALYZER_NUMBER_OBJECT_CONVERSION = YES_AGGRESSIVE;
				CLANG_CXX_LANGUAGE_STANDARD = "gnu++20";
				CLANG_ENABLE_MODULES = YES;
				CLANG_ENABLE_OBJC_ARC = YES;
				CLANG_ENABLE_OBJC_WEAK = YES;
				CLANG_WARN_BLOCK_CAPTURE_AUTORELEASING = YES;
				CLANG_WARN_BOOL_CONVERSION = YES;
				CLANG_WARN_COMMA = YES;
				CLANG_WARN_CONSTANT_CONVERSION = YES;
				CLANG_WARN_DEPRECATED_OBJC_IMPLEMENTATIONS = YES;
				CLANG_WARN_DIRECT_OBJC_ISA_USAGE = YES_ERROR;
				CLANG_WARN_DOCUMENTATION_COMMENTS = YES;
				CLANG_WARN_EMPTY_BODY = YES;
				CLANG_WARN_ENUM_CONVERSION = YES;
				CLANG_WARN_INFINITE_RECURSION = YES;
				CLANG_WARN_INT_CONVERSION = YES;
				CLANG_WARN_NON_LITERAL_NULL_CONVERSION = YES;
				CLANG_WARN_OBJC_IMPLICIT_RETAIN_SELF = YES;
				CLANG_WARN_OBJC_LITERAL_CONVERSION = YES;
				CLANG_WARN_OBJC_ROOT_CLASS = YES_ERROR;
				CLANG_WARN_QUOTED_INCLUDE_IN_FRAMEWORK_HEADER = YES;
				CLANG_WARN_RANGE_LOOP_ANALYSIS = YES;
				CLANG_WARN_STRICT_PROTOTYPES = YES;
				CLANG_WARN_SUSPICIOUS_MOVE = YES;
				CLANG_WARN_UNGUARDED_AVAILABILITY = YES_AGGRESSIVE;
				CLANG_WARN_UNREACHABLE_CODE = YES;
				CLANG_WARN__DUPLICATE_METHOD_MATCH = YES;
				COPY_PHASE_STRIP = NO;
				DEBUG_INFORMATION_FORMAT = "dwarf-with-dsym";
				ENABLE_NS_ASSERTIONS = NO;
				ENABLE_STRICT_OBJC_MSGSEND = YES;
				ENABLE_USER_SCRIPT_SANDBOXING = YES;
				GCC_C_LANGUAGE_STANDARD = gnu17;
				GCC_NO_COMMON_BLOCKS = YES;
				GCC_WARN_64_TO_32_BIT_CONVERSION = YES;
				GCC_WARN_ABOUT_RETURN_TYPE = YES_ERROR;
				GCC_WARN_UNDECLARED_SELECTOR = YES;
				GCC_WARN_UNINITIALIZED_AUTOS = YES_AGGRESSIVE;
				GCC_WARN_UNUSED_FUNCTION = YES;
				GCC_WARN_UNUSED_VARIABLE = YES;
				IPHONEOS_DEPLOYMENT_TARGET = 18.1;
				LOCALIZATION_PREFERS_STRING_CATALOGS = YES;
				MTL_ENABLE_DEBUG_INFO = NO;
				MTL_FAST_MATH = YES;
				SDKROOT = iphoneos;
				SWIFT_COMPILATION_MODE = wholemodule;
				VALIDATE_PRODUCT = YES;
			};
			name = Release;
		};
		CB2696F82CD919D1007E40F7 /* Debug */ = {
			isa = XCBuildConfiguration;
			buildSettings = {
				ASSETCATALOG_COMPILER_APPICON_NAME = AppIcon;
				ASSETCATALOG_COMPILER_GLOBAL_ACCENT_COLOR_NAME = AccentColor;
				CODE_SIGN_STYLE = Automatic;
				CURRENT_PROJECT_VERSION = 1;
				DEVELOPMENT_ASSET_PATHS = "\"Fetch-Recipe-Viewer/Preview Content\"";
				ENABLE_PREVIEWS = YES;
				GENERATE_INFOPLIST_FILE = YES;
				INFOPLIST_KEY_UIApplicationSceneManifest_Generation = YES;
				INFOPLIST_KEY_UIApplicationSupportsIndirectInputEvents = YES;
				INFOPLIST_KEY_UILaunchScreen_Generation = YES;
				INFOPLIST_KEY_UISupportedInterfaceOrientations_iPad = "UIInterfaceOrientationPortrait UIInterfaceOrientationPortraitUpsideDown UIInterfaceOrientationLandscapeLeft UIInterfaceOrientationLandscapeRight";
				INFOPLIST_KEY_UISupportedInterfaceOrientations_iPhone = "UIInterfaceOrientationPortrait UIInterfaceOrientationLandscapeLeft UIInterfaceOrientationLandscapeRight";
				LD_RUNPATH_SEARCH_PATHS = (
					"$(inherited)",
					"@executable_path/Frameworks",
				);
				MARKETING_VERSION = 1.0;
				PRODUCT_BUNDLE_IDENTIFIER = "com.fetch.Fetch-Recipe-Viewer";
				PRODUCT_NAME = "$(TARGET_NAME)";
				SWIFT_EMIT_LOC_STRINGS = YES;
				SWIFT_VERSION = 5.0;
				TARGETED_DEVICE_FAMILY = "1,2";
			};
			name = Debug;
		};
		CB2696F92CD919D1007E40F7 /* Release */ = {
			isa = XCBuildConfiguration;
			buildSettings = {
				ASSETCATALOG_COMPILER_APPICON_NAME = AppIcon;
				ASSETCATALOG_COMPILER_GLOBAL_ACCENT_COLOR_NAME = AccentColor;
				CODE_SIGN_STYLE = Automatic;
				CURRENT_PROJECT_VERSION = 1;
				DEVELOPMENT_ASSET_PATHS = "\"Fetch-Recipe-Viewer/Preview Content\"";
				ENABLE_PREVIEWS = YES;
				GENERATE_INFOPLIST_FILE = YES;
				INFOPLIST_KEY_UIApplicationSceneManifest_Generation = YES;
				INFOPLIST_KEY_UIApplicationSupportsIndirectInputEvents = YES;
				INFOPLIST_KEY_UILaunchScreen_Generation = YES;
				INFOPLIST_KEY_UISupportedInterfaceOrientations_iPad = "UIInterfaceOrientationPortrait UIInterfaceOrientationPortraitUpsideDown UIInterfaceOrientationLandscapeLeft UIInterfaceOrientationLandscapeRight";
				INFOPLIST_KEY_UISupportedInterfaceOrientations_iPhone = "UIInterfaceOrientationPortrait UIInterfaceOrientationLandscapeLeft UIInterfaceOrientationLandscapeRight";
				LD_RUNPATH_SEARCH_PATHS = (
					"$(inherited)",
					"@executable_path/Frameworks",
				);
				MARKETING_VERSION = 1.0;
				PRODUCT_BUNDLE_IDENTIFIER = "com.fetch.Fetch-Recipe-Viewer";
				PRODUCT_NAME = "$(TARGET_NAME)";
				SWIFT_EMIT_LOC_STRINGS = YES;
				SWIFT_VERSION = 5.0;
				TARGETED_DEVICE_FAMILY = "1,2";
			};
			name = Release;
		};
		CB2696FB2CD919D1007E40F7 /* Debug */ = {
			isa = XCBuildConfiguration;
			buildSettings = {
				BUNDLE_LOADER = "$(TEST_HOST)";
				CODE_SIGN_STYLE = Automatic;
				CURRENT_PROJECT_VERSION = 1;
				GENERATE_INFOPLIST_FILE = YES;
				IPHONEOS_DEPLOYMENT_TARGET = 18.1;
				MARKETING_VERSION = 1.0;
				PRODUCT_BUNDLE_IDENTIFIER = "com.fetch.Fetch-Recipe-ViewerTests";
				PRODUCT_NAME = "$(TARGET_NAME)";
				SWIFT_EMIT_LOC_STRINGS = NO;
				SWIFT_VERSION = 5.0;
				TARGETED_DEVICE_FAMILY = "1,2";
				TEST_HOST = "$(BUILT_PRODUCTS_DIR)/Fetch-Recipe-Viewer.app/$(BUNDLE_EXECUTABLE_FOLDER_PATH)/Fetch-Recipe-Viewer";
			};
			name = Debug;
		};
		CB2696FC2CD919D1007E40F7 /* Release */ = {
			isa = XCBuildConfiguration;
			buildSettings = {
				BUNDLE_LOADER = "$(TEST_HOST)";
				CODE_SIGN_STYLE = Automatic;
				CURRENT_PROJECT_VERSION = 1;
				GENERATE_INFOPLIST_FILE = YES;
				IPHONEOS_DEPLOYMENT_TARGET = 18.1;
				MARKETING_VERSION = 1.0;
				PRODUCT_BUNDLE_IDENTIFIER = "com.fetch.Fetch-Recipe-ViewerTests";
				PRODUCT_NAME = "$(TARGET_NAME)";
				SWIFT_EMIT_LOC_STRINGS = NO;
				SWIFT_VERSION = 5.0;
				TARGETED_DEVICE_FAMILY = "1,2";
				TEST_HOST = "$(BUILT_PRODUCTS_DIR)/Fetch-Recipe-Viewer.app/$(BUNDLE_EXECUTABLE_FOLDER_PATH)/Fetch-Recipe-Viewer";
			};
			name = Release;
		};
		CB2696FE2CD919D1007E40F7 /* Debug */ = {
			isa = XCBuildConfiguration;
			buildSettings = {
				CODE_SIGN_STYLE = Automatic;
				CURRENT_PROJECT_VERSION = 1;
				GENERATE_INFOPLIST_FILE = YES;
				MARKETING_VERSION = 1.0;
				PRODUCT_BUNDLE_IDENTIFIER = "com.fetch.Fetch-Recipe-ViewerUITests";
				PRODUCT_NAME = "$(TARGET_NAME)";
				SWIFT_EMIT_LOC_STRINGS = NO;
				SWIFT_VERSION = 5.0;
				TARGETED_DEVICE_FAMILY = "1,2";
				TEST_TARGET_NAME = "Fetch-Recipe-Viewer";
			};
			name = Debug;
		};
		CB2696FF2CD919D1007E40F7 /* Release */ = {
			isa = XCBuildConfiguration;
			buildSettings = {
				CODE_SIGN_STYLE = Automatic;
				CURRENT_PROJECT_VERSION = 1;
				GENERATE_INFOPLIST_FILE = YES;
				MARKETING_VERSION = 1.0;
				PRODUCT_BUNDLE_IDENTIFIER = "com.fetch.Fetch-Recipe-ViewerUITests";
				PRODUCT_NAME = "$(TARGET_NAME)";
				SWIFT_EMIT_LOC_STRINGS = NO;
				SWIFT_VERSION = 5.0;
				TARGETED_DEVICE_FAMILY = "1,2";
				TEST_TARGET_NAME = "Fetch-Recipe-Viewer";
			};
			name = Release;
		};
/* End XCBuildConfiguration section */

/* Begin XCConfigurationList section */
		CB2696CE2CD919D0007E40F7 /* Build configuration list for PBXProject "Fetch-Recipe-Viewer" */ = {
			isa = XCConfigurationList;
			buildConfigurations = (
				CB2696F52CD919D1007E40F7 /* Debug */,
				CB2696F62CD919D1007E40F7 /* Release */,
			);
			defaultConfigurationIsVisible = 0;
			defaultConfigurationName = Release;
		};
		CB2696F72CD919D1007E40F7 /* Build configuration list for PBXNativeTarget "Fetch-Recipe-Viewer" */ = {
			isa = XCConfigurationList;
			buildConfigurations = (
				CB2696F82CD919D1007E40F7 /* Debug */,
				CB2696F92CD919D1007E40F7 /* Release */,
			);
			defaultConfigurationIsVisible = 0;
			defaultConfigurationName = Release;
		};
		CB2696FA2CD919D1007E40F7 /* Build configuration list for PBXNativeTarget "Fetch-Recipe-ViewerTests" */ = {
			isa = XCConfigurationList;
			buildConfigurations = (
				CB2696FB2CD919D1007E40F7 /* Debug */,
				CB2696FC2CD919D1007E40F7 /* Release */,
			);
			defaultConfigurationIsVisible = 0;
			defaultConfigurationName = Release;
		};
		CB2696FD2CD919D1007E40F7 /* Build configuration list for PBXNativeTarget "Fetch-Recipe-ViewerUITests" */ = {
			isa = XCConfigurationList;
			buildConfigurations = (
				CB2696FE2CD919D1007E40F7 /* Debug */,
				CB2696FF2CD919D1007E40F7 /* Release */,
			);
			defaultConfigurationIsVisible = 0;
			defaultConfigurationName = Release;
		};
/* End XCConfigurationList section */
	};
	rootObject = CB2696CB2CD919D0007E40F7 /* Project object */;
}
